// !$*UTF8*$!
{
	archiveVersion = 1;
	classes = {
	};
	objectVersion = 50;
	objects = {

/* Begin PBXBuildFile section */
		846267F926102C5A00BDCB8C /* AppDelegate.m in Sources */ = {isa = PBXBuildFile; fileRef = 846267F826102C5A00BDCB8C /* AppDelegate.m */; };
		846267FC26102C5A00BDCB8C /* SceneDelegate.m in Sources */ = {isa = PBXBuildFile; fileRef = 846267FB26102C5A00BDCB8C /* SceneDelegate.m */; };
		846267FF26102C5A00BDCB8C /* ViewController.m in Sources */ = {isa = PBXBuildFile; fileRef = 846267FE26102C5A00BDCB8C /* ViewController.m */; };
		8462680226102C5A00BDCB8C /* Main.storyboard in Resources */ = {isa = PBXBuildFile; fileRef = 8462680026102C5A00BDCB8C /* Main.storyboard */; };
		8462680426102C5F00BDCB8C /* Assets.xcassets in Resources */ = {isa = PBXBuildFile; fileRef = 8462680326102C5F00BDCB8C /* Assets.xcassets */; };
		8462680726102C5F00BDCB8C /* LaunchScreen.storyboard in Resources */ = {isa = PBXBuildFile; fileRef = 8462680526102C5F00BDCB8C /* LaunchScreen.storyboard */; };
		8462680A26102C5F00BDCB8C /* main.m in Sources */ = {isa = PBXBuildFile; fileRef = 8462680926102C5F00BDCB8C /* main.m */; };
		8462681426102CA600BDCB8C /* Node.m in Sources */ = {isa = PBXBuildFile; fileRef = 8462681126102CA600BDCB8C /* Node.m */; };
		8462681526102CA600BDCB8C /* LinkList.m in Sources */ = {isa = PBXBuildFile; fileRef = 8462681226102CA600BDCB8C /* LinkList.m */; };
/* End PBXBuildFile section */

/* Begin PBXFileReference section */
		846267F426102C5A00BDCB8C /* 单向循环列表.app */ = {isa = PBXFileReference; explicitFileType = wrapper.application; includeInIndex = 0; path = "单向循环列表.app"; sourceTree = BUILT_PRODUCTS_DIR; };
		846267F726102C5A00BDCB8C /* AppDelegate.h */ = {isa = PBXFileReference; lastKnownFileType = sourcecode.c.h; path = AppDelegate.h; sourceTree = "<group>"; };
		846267F826102C5A00BDCB8C /* AppDelegate.m */ = {isa = PBXFileReference; lastKnownFileType = sourcecode.c.objc; path = AppDelegate.m; sourceTree = "<group>"; };
		846267FA26102C5A00BDCB8C /* SceneDelegate.h */ = {isa = PBXFileReference; lastKnownFileType = sourcecode.c.h; path = SceneDelegate.h; sourceTree = "<group>"; };
		846267FB26102C5A00BDCB8C /* SceneDelegate.m */ = {isa = PBXFileReference; lastKnownFileType = sourcecode.c.objc; path = SceneDelegate.m; sourceTree = "<group>"; };
		846267FD26102C5A00BDCB8C /* ViewController.h */ = {isa = PBXFileReference; lastKnownFileType = sourcecode.c.h; path = ViewController.h; sourceTree = "<group>"; };
		846267FE26102C5A00BDCB8C /* ViewController.m */ = {isa = PBXFileReference; lastKnownFileType = sourcecode.c.objc; path = ViewController.m; sourceTree = "<group>"; };
		8462680126102C5A00BDCB8C /* Base */ = {isa = PBXFileReference; lastKnownFileType = file.storyboard; name = Base; path = Base.lproj/Main.storyboard; sourceTree = "<group>"; };
		8462680326102C5F00BDCB8C /* Assets.xcassets */ = {isa = PBXFileReference; lastKnownFileType = folder.assetcatalog; path = Assets.xcassets; sourceTree = "<group>"; };
		8462680626102C5F00BDCB8C /* Base */ = {isa = PBXFileReference; lastKnownFileType = file.storyboard; name = Base; path = Base.lproj/LaunchScreen.storyboard; sourceTree = "<group>"; };
		8462680826102C5F00BDCB8C /* Info.plist */ = {isa = PBXFileReference; lastKnownFileType = text.plist.xml; path = Info.plist; sourceTree = "<group>"; };
		8462680926102C5F00BDCB8C /* main.m */ = {isa = PBXFileReference; lastKnownFileType = sourcecode.c.objc; path = main.m; sourceTree = "<group>"; };
		8462681026102CA600BDCB8C /* LinkList.h */ = {isa = PBXFileReference; fileEncoding = 4; lastKnownFileType = sourcecode.c.h; path = LinkList.h; sourceTree = "<group>"; };
		8462681126102CA600BDCB8C /* Node.m */ = {isa = PBXFileReference; fileEncoding = 4; lastKnownFileType = sourcecode.c.objc; path = Node.m; sourceTree = "<group>"; };
		8462681226102CA600BDCB8C /* LinkList.m */ = {isa = PBXFileReference; fileEncoding = 4; lastKnownFileType = sourcecode.c.objc; path = LinkList.m; sourceTree = "<group>"; };
		8462681326102CA600BDCB8C /* Node.h */ = {isa = PBXFileReference; fileEncoding = 4; lastKnownFileType = sourcecode.c.h; path = Node.h; sourceTree = "<group>"; };
/* End PBXFileReference section */

/* Begin PBXFrameworksBuildPhase section */
		846267F126102C5A00BDCB8C /* Frameworks */ = {
			isa = PBXFrameworksBuildPhase;
			buildActionMask = 2147483647;
			files = (
			);
			runOnlyForDeploymentPostprocessing = 0;
		};
/* End PBXFrameworksBuildPhase section */

/* Begin PBXGroup section */
		846267EB26102C5A00BDCB8C = {
			isa = PBXGroup;
			children = (
				846267F626102C5A00BDCB8C /* 单向循环列表 */,
				846267F526102C5A00BDCB8C /* Products */,
			);
			sourceTree = "<group>";
		};
		846267F526102C5A00BDCB8C /* Products */ = {
			isa = PBXGroup;
			children = (
				846267F426102C5A00BDCB8C /* 单向循环列表.app */,
			);
			name = Products;
			sourceTree = "<group>";
		};
		846267F626102C5A00BDCB8C /* 单向循环列表 */ = {
			isa = PBXGroup;
			children = (
				8462681026102CA600BDCB8C /* LinkList.h */,
				8462681226102CA600BDCB8C /* LinkList.m */,
				8462681326102CA600BDCB8C /* Node.h */,
				8462681126102CA600BDCB8C /* Node.m */,
				846267F726102C5A00BDCB8C /* AppDelegate.h */,
				846267F826102C5A00BDCB8C /* AppDelegate.m */,
				846267FA26102C5A00BDCB8C /* SceneDelegate.h */,
				846267FB26102C5A00BDCB8C /* SceneDelegate.m */,
				846267FD26102C5A00BDCB8C /* ViewController.h */,
				846267FE26102C5A00BDCB8C /* ViewController.m */,
				8462680026102C5A00BDCB8C /* Main.storyboard */,
				8462680326102C5F00BDCB8C /* Assets.xcassets */,
				8462680526102C5F00BDCB8C /* LaunchScreen.storyboard */,
				8462680826102C5F00BDCB8C /* Info.plist */,
				8462680926102C5F00BDCB8C /* main.m */,
			);
			path = "单向循环列表";
			sourceTree = "<group>";
		};
/* End PBXGroup section */

/* Begin PBXNativeTarget section */
		846267F326102C5A00BDCB8C /* 单向循环列表 */ = {
			isa = PBXNativeTarget;
			buildConfigurationList = 8462680D26102C5F00BDCB8C /* Build configuration list for PBXNativeTarget "单向循环列表" */;
			buildPhases = (
				846267F026102C5A00BDCB8C /* Sources */,
				846267F126102C5A00BDCB8C /* Frameworks */,
				846267F226102C5A00BDCB8C /* Resources */,
			);
			buildRules = (
			);
			dependencies = (
			);
			name = "单向循环列表";
			productName = "单向循环列表";
			productReference = 846267F426102C5A00BDCB8C /* 单向循环列表.app */;
			productType = "com.apple.product-type.application";
		};
/* End PBXNativeTarget section */

/* Begin PBXProject section */
		846267EC26102C5A00BDCB8C /* Project object */ = {
			isa = PBXProject;
			attributes = {
				LastUpgradeCheck = 1170;
				ORGANIZATIONNAME = FDK;
				TargetAttributes = {
					846267F326102C5A00BDCB8C = {
						CreatedOnToolsVersion = 11.7;
					};
				};
			};
			buildConfigurationList = 846267EF26102C5A00BDCB8C /* Build configuration list for PBXProject "单向循环列表" */;
			compatibilityVersion = "Xcode 9.3";
			developmentRegion = en;
			hasScannedForEncodings = 0;
			knownRegions = (
				en,
				Base,
			);
			mainGroup = 846267EB26102C5A00BDCB8C;
			productRefGroup = 846267F526102C5A00BDCB8C /* Products */;
			projectDirPath = "";
			projectRoot = "";
			targets = (
				846267F326102C5A00BDCB8C /* 单向循环列表 */,
			);
		};
/* End PBXProject section */

/* Begin PBXResourcesBuildPhase section */
		846267F226102C5A00BDCB8C /* Resources */ = {
			isa = PBXResourcesBuildPhase;
			buildActionMask = 2147483647;
			files = (
				8462680726102C5F00BDCB8C /* LaunchScreen.storyboard in Resources */,
				8462680426102C5F00BDCB8C /* Assets.xcassets in Resources */,
				8462680226102C5A00BDCB8C /* Main.storyboard in Resources */,
			);
			runOnlyForDeploymentPostprocessing = 0;
		};
/* End PBXResourcesBuildPhase section */

/* Begin PBXSourcesBuildPhase section */
		846267F026102C5A00BDCB8C /* Sources */ = {
			isa = PBXSourcesBuildPhase;
			buildActionMask = 2147483647;
			files = (
				8462681426102CA600BDCB8C /* Node.m in Sources */,
				846267FF26102C5A00BDCB8C /* ViewController.m in Sources */,
				846267F926102C5A00BDCB8C /* AppDelegate.m in Sources */,
				8462681526102CA600BDCB8C /* LinkList.m in Sources */,
				8462680A26102C5F00BDCB8C /* main.m in Sources */,
				846267FC26102C5A00BDCB8C /* SceneDelegate.m in Sources */,
			);
			runOnlyForDeploymentPostprocessing = 0;
		};
/* End PBXSourcesBuildPhase section */

/* Begin PBXVariantGroup section */
		8462680026102C5A00BDCB8C /* Main.storyboard */ = {
			isa = PBXVariantGroup;
			children = (
				8462680126102C5A00BDCB8C /* Base */,
			);
			name = Main.storyboard;
			sourceTree = "<group>";
		};
		8462680526102C5F00BDCB8C /* LaunchScreen.storyboard */ = {
			isa = PBXVariantGroup;
			children = (
				8462680626102C5F00BDCB8C /* Base */,
			);
			name = LaunchScreen.storyboard;
			sourceTree = "<group>";
		};
/* End PBXVariantGroup section */

/* Begin XCBuildConfiguration section */
		8462680B26102C5F00BDCB8C /* Debug */ = {
			isa = XCBuildConfiguration;
			buildSettings = {
				ALWAYS_SEARCH_USER_PATHS = NO;
				CLANG_ANALYZER_NONNULL = YES;
				CLANG_ANALYZER_NUMBER_OBJECT_CONVERSION = YES_AGGRESSIVE;
				CLANG_CXX_LANGUAGE_STANDARD = "gnu++14";
				CLANG_CXX_LIBRARY = "libc++";
				CLANG_ENABLE_MODULES = YES;
				CLANG_ENABLE_OBJC_ARC = YES;
				CLANG_ENABLE_OBJC_WEAK = YES;
				CLANG_WARN_BLOCK_CAPTURE_AUTORELEASING = YES;
				CLANG_WARN_BOOL_CONVERSION = YES;
				CLANG_WARN_COMMA = YES;
				CLANG_WARN_CONSTANT_CONVERSION = YES;
				CLANG_WARN_DEPRECATED_OBJC_IMPLEMENTATIONS = YES;
				CLANG_WARN_DIRECT_OBJC_ISA_USAGE = YES_ERROR;
				CLANG_WARN_DOCUMENTATION_COMMENTS = YES;
				CLANG_WARN_EMPTY_BODY = YES;
				CLANG_WARN_ENUM_CONVERSION = YES;
				CLANG_WARN_INFINITE_RECURSION = YES;
				CLANG_WARN_INT_CONVERSION = YES;
				CLANG_WARN_NON_LITERAL_NULL_CONVERSION = YES;
				CLANG_WARN_OBJC_IMPLICIT_RETAIN_SELF = YES;
				CLANG_WARN_OBJC_LITERAL_CONVERSION = YES;
				CLANG_WARN_OBJC_ROOT_CLASS = YES_ERROR;
				CLANG_WARN_RANGE_LOOP_ANALYSIS = YES;
				CLANG_WARN_STRICT_PROTOTYPES = YES;
				CLANG_WARN_SUSPICIOUS_MOVE = YES;
				CLANG_WARN_UNGUARDED_AVAILABILITY = YES_AGGRESSIVE;
				CLANG_WARN_UNREACHABLE_CODE = YES;
				CLANG_WARN__DUPLICATE_METHOD_MATCH = YES;
				COPY_PHASE_STRIP = NO;
				DEBUG_INFORMATION_FORMAT = dwarf;
				ENABLE_STRICT_OBJC_MSGSEND = YES;
				ENABLE_TESTABILITY = YES;
				GCC_C_LANGUAGE_STANDARD = gnu11;
				GCC_DYNAMIC_NO_PIC = NO;
				GCC_NO_COMMON_BLOCKS = YES;
				GCC_OPTIMIZATION_LEVEL = 0;
				GCC_PREPROCESSOR_DEFINITIONS = (
					"DEBUG=1",
					"$(inherited)",
				);
				GCC_WARN_64_TO_32_BIT_CONVERSION = YES;
				GCC_WARN_ABOUT_RETURN_TYPE = YES_ERROR;
				GCC_WARN_UNDECLARED_SELECTOR = YES;
				GCC_WARN_UNINITIALIZED_AUTOS = YES_AGGRESSIVE;
				GCC_WARN_UNUSED_FUNCTION = YES;
				GCC_WARN_UNUSED_VARIABLE = YES;
				IPHONEOS_DEPLOYMENT_TARGET = 13.7;
				MTL_ENABLE_DEBUG_INFO = INCLUDE_SOURCE;
				MTL_FAST_MATH = YES;
				ONLY_ACTIVE_ARCH = YES;
				SDKROOT = iphoneos;
			};
			name = Debug;
		};
		8462680C26102C5F00BDCB8C /* Release */ = {
			isa = XCBuildConfiguration;
			buildSettings = {
				ALWAYS_SEARCH_USER_PATHS = NO;
				CLANG_ANALYZER_NONNULL = YES;
				CLANG_ANALYZER_NUMBER_OBJECT_CONVERSION = YES_AGGRESSIVE;
				CLANG_CXX_LANGUAGE_STANDARD = "gnu++14";
				CLANG_CXX_LIBRARY = "libc++";
				CLANG_ENABLE_MODULES = YES;
				CLANG_ENABLE_OBJC_ARC = YES;
				CLANG_ENABLE_OBJC_WEAK = YES;
				CLANG_WARN_BLOCK_CAPTURE_AUTORELEASING = YES;
				CLANG_WARN_BOOL_CONVERSION = YES;
				CLANG_WARN_COMMA = YES;
				CLANG_WARN_CONSTANT_CONVERSION = YES;
				CLANG_WARN_DEPRECATED_OBJC_IMPLEMENTATIONS = YES;
				CLANG_WARN_DIRECT_OBJC_ISA_USAGE = YES_ERROR;
				CLANG_WARN_DOCUMENTATION_COMMENTS = YES;
				CLANG_WARN_EMPTY_BODY = YES;
				CLANG_WARN_ENUM_CONVERSION = YES;
				CLANG_WARN_INFINITE_RECURSION = YES;
				CLANG_WARN_INT_CONVERSION = YES;
				CLANG_WARN_NON_LITERAL_NULL_CONVERSION = YES;
				CLANG_WARN_OBJC_IMPLICIT_RETAIN_SELF = YES;
				CLANG_WARN_OBJC_LITERAL_CONVERSION = YES;
				CLANG_WARN_OBJC_ROOT_CLASS = YES_ERROR;
				CLANG_WARN_RANGE_LOOP_ANALYSIS = YES;
				CLANG_WARN_STRICT_PROTOTYPES = YES;
				CLANG_WARN_SUSPICIOUS_MOVE = YES;
				CLANG_WARN_UNGUARDED_AVAILABILITY = YES_AGGRESSIVE;
				CLANG_WARN_UNREACHABLE_CODE = YES;
				CLANG_WARN__DUPLICATE_METHOD_MATCH = YES;
				COPY_PHASE_STRIP = NO;
				DEBUG_INFORMATION_FORMAT = "dwarf-with-dsym";
				ENABLE_NS_ASSERTIONS = NO;
				ENABLE_STRICT_OBJC_MSGSEND = YES;
				GCC_C_LANGUAGE_STANDARD = gnu11;
				GCC_NO_COMMON_BLOCKS = YES;
				GCC_WARN_64_TO_32_BIT_CONVERSION = YES;
				GCC_WARN_ABOUT_RETURN_TYPE = YES_ERROR;
				GCC_WARN_UNDECLARED_SELECTOR = YES;
				GCC_WARN_UNINITIALIZED_AUTOS = YES_AGGRESSIVE;
				GCC_WARN_UNUSED_FUNCTION = YES;
				GCC_WARN_UNUSED_VARIABLE = YES;
				IPHONEOS_DEPLOYMENT_TARGET = 13.7;
				MTL_ENABLE_DEBUG_INFO = NO;
				MTL_FAST_MATH = YES;
				SDKROOT = iphoneos;
				VALIDATE_PRODUCT = YES;
			};
			name = Release;
		};
		8462680E26102C5F00BDCB8C /* Debug */ = {
			isa = XCBuildConfiguration;
			buildSettings = {
				ASSETCATALOG_COMPILER_APPICON_NAME = AppIcon;
				CODE_SIGN_STYLE = Automatic;
				INFOPLIST_FILE = "单向循环列表/Info.plist";
				IPHONEOS_DEPLOYMENT_TARGET = 9.0;
				LD_RUNPATH_SEARCH_PATHS = (
					"$(inherited)",
					"@executable_path/Frameworks",
				);
				PRODUCT_BUNDLE_IDENTIFIER = "Developer.------";
				PRODUCT_NAME = "$(TARGET_NAME)";
				TARGETED_DEVICE_FAMILY = "1,2";
			};
			name = Debug;
		};
		8462680F26102C5F00BDCB8C /* Release */ = {
			isa = XCBuildConfiguration;
			buildSettings = {
				ASSETCATALOG_COMPILER_APPICON_NAME = AppIcon;
				CODE_SIGN_STYLE = Automatic;
				INFOPLIST_FILE = "单向循环列表/Info.plist";
				IPHONEOS_DEPLOYMENT_TARGET = 9.0;
				LD_RUNPATH_SEARCH_PATHS = (
					"$(inherited)",
					"@executable_path/Frameworks",
				);
				PRODUCT_BUNDLE_IDENTIFIER = "Developer.------";
				PRODUCT_NAME = "$(TARGET_NAME)";
				TARGETED_DEVICE_FAMILY = "1,2";
			};
			name = Release;
		};
/* End XCBuildConfiguration section */

/* Begin XCConfigurationList section */
		846267EF26102C5A00BDCB8C /* Build configuration list for PBXProject "单向循环列表" */ = {
			isa = XCConfigurationList;
			buildConfigurations = (
				8462680B26102C5F00BDCB8C /* Debug */,
				8462680C26102C5F00BDCB8C /* Release */,
			);
			defaultConfigurationIsVisible = 0;
			defaultConfigurationName = Release;
		};
		8462680D26102C5F00BDCB8C /* Build configuration list for PBXNativeTarget "单向循环列表" */ = {
			isa = XCConfigurationList;
			buildConfigurations = (
				8462680E26102C5F00BDCB8C /* Debug */,
				8462680F26102C5F00BDCB8C /* Release */,
			);
			defaultConfigurationIsVisible = 0;
			defaultConfigurationName = Release;
		};
/* End XCConfigurationList section */
	};
	rootObject = 846267EC26102C5A00BDCB8C /* Project object */;
}
